// !$*UTF8*$!
{
	archiveVersion = 1;
	classes = {
	};
	objectVersion = 46;
	objects = {

/* Begin PBXBuildFile section */
		076528461E9C82710082A4B8 /* AppDelegate.swift in Sources */ = {isa = PBXBuildFile; fileRef = 076528451E9C82710082A4B8 /* AppDelegate.swift */; };
		076528481E9C82710082A4B8 /* ViewController.swift in Sources */ = {isa = PBXBuildFile; fileRef = 076528471E9C82710082A4B8 /* ViewController.swift */; };
		0765284B1E9C82710082A4B8 /* Main.storyboard in Resources */ = {isa = PBXBuildFile; fileRef = 076528491E9C82710082A4B8 /* Main.storyboard */; };
		0765284D1E9C82710082A4B8 /* Assets.xcassets in Resources */ = {isa = PBXBuildFile; fileRef = 0765284C1E9C82710082A4B8 /* Assets.xcassets */; };
		076528501E9C82710082A4B8 /* LaunchScreen.storyboard in Resources */ = {isa = PBXBuildFile; fileRef = 0765284E1E9C82710082A4B8 /* LaunchScreen.storyboard */; };
		0765285B1E9C82710082A4B8 /* SelfigramTests.swift in Sources */ = {isa = PBXBuildFile; fileRef = 0765285A1E9C82710082A4B8 /* SelfigramTests.swift */; };
		076528661E9C82710082A4B8 /* SelfigramUITests.swift in Sources */ = {isa = PBXBuildFile; fileRef = 076528651E9C82710082A4B8 /* SelfigramUITests.swift */; };
		076528741E9F2BC80082A4B8 /* ProfileViewController.swift in Sources */ = {isa = PBXBuildFile; fileRef = 076528731E9F2BC80082A4B8 /* ProfileViewController.swift */; };
		076528761EA85E350082A4B8 /* User.swift in Sources */ = {isa = PBXBuildFile; fileRef = 076528751EA85E350082A4B8 /* User.swift */; };
		076528781EA8628A0082A4B8 /* Post.swift in Sources */ = {isa = PBXBuildFile; fileRef = 076528771EA8628A0082A4B8 /* Post.swift */; };
		0793CD921ECA91C80069945F /* ActivityCell.swift in Sources */ = {isa = PBXBuildFile; fileRef = 0793CD911ECA91C80069945F /* ActivityCell.swift */; };
		0793CD941ECA94FB0069945F /* ActivityViewController.swift in Sources */ = {isa = PBXBuildFile; fileRef = 0793CD931ECA94FB0069945F /* ActivityViewController.swift */; };
		07DE36E51EAEF2E9003CFEAB /* FeedTableViewController.swift in Sources */ = {isa = PBXBuildFile; fileRef = 07DE36E41EAEF2E9003CFEAB /* FeedTableViewController.swift */; };
		07DE36E71EB18D06003CFEAB /* SelfieCell.swift in Sources */ = {isa = PBXBuildFile; fileRef = 07DE36E61EB18D06003CFEAB /* SelfieCell.swift */; };
		07FE92BF1EC40FE30051E7E6 /* Activity.swift in Sources */ = {isa = PBXBuildFile; fileRef = 07FE92BE1EC40FE30051E7E6 /* Activity.swift */; };
		490EED7D159CB276C6FEDD9E /* Pods_SelfigramUITests.framework in Frameworks */ = {isa = PBXBuildFile; fileRef = 877065F1C8FDC4B91C598B95 /* Pods_SelfigramUITests.framework */; };
		4F977F7CED54FC8F113008A5 /* Pods_SelfigramTests.framework in Frameworks */ = {isa = PBXBuildFile; fileRef = F442DD4F4004F0D84264A15E /* Pods_SelfigramTests.framework */; };
		D719D83185DD60A62B2B8E8B /* Pods_Selfigram.framework in Frameworks */ = {isa = PBXBuildFile; fileRef = 25B824D0CA0B47BBB8D0C815 /* Pods_Selfigram.framework */; };
/* End PBXBuildFile section */

/* Begin PBXContainerItemProxy section */
		076528571E9C82710082A4B8 /* PBXContainerItemProxy */ = {
			isa = PBXContainerItemProxy;
			containerPortal = 0765283A1E9C82710082A4B8 /* Project object */;
			proxyType = 1;
			remoteGlobalIDString = 076528411E9C82710082A4B8;
			remoteInfo = Selfigram;
		};
		076528621E9C82710082A4B8 /* PBXContainerItemProxy */ = {
			isa = PBXContainerItemProxy;
			containerPortal = 0765283A1E9C82710082A4B8 /* Project object */;
			proxyType = 1;
			remoteGlobalIDString = 076528411E9C82710082A4B8;
			remoteInfo = Selfigram;
		};
/* End PBXContainerItemProxy section */

/* Begin PBXFileReference section */
		076528421E9C82710082A4B8 /* Selfigram.app */ = {isa = PBXFileReference; explicitFileType = wrapper.application; includeInIndex = 0; path = Selfigram.app; sourceTree = BUILT_PRODUCTS_DIR; };
		076528451E9C82710082A4B8 /* AppDelegate.swift */ = {isa = PBXFileReference; lastKnownFileType = sourcecode.swift; path = AppDelegate.swift; sourceTree = "<group>"; };
		076528471E9C82710082A4B8 /* ViewController.swift */ = {isa = PBXFileReference; lastKnownFileType = sourcecode.swift; path = ViewController.swift; sourceTree = "<group>"; };
		0765284A1E9C82710082A4B8 /* Base */ = {isa = PBXFileReference; lastKnownFileType = file.storyboard; name = Base; path = Base.lproj/Main.storyboard; sourceTree = "<group>"; };
		0765284C1E9C82710082A4B8 /* Assets.xcassets */ = {isa = PBXFileReference; lastKnownFileType = folder.assetcatalog; path = Assets.xcassets; sourceTree = "<group>"; };
		0765284F1E9C82710082A4B8 /* Base */ = {isa = PBXFileReference; lastKnownFileType = file.storyboard; name = Base; path = Base.lproj/LaunchScreen.storyboard; sourceTree = "<group>"; };
		076528511E9C82710082A4B8 /* Info.plist */ = {isa = PBXFileReference; lastKnownFileType = text.plist.xml; path = Info.plist; sourceTree = "<group>"; };
		076528561E9C82710082A4B8 /* SelfigramTests.xctest */ = {isa = PBXFileReference; explicitFileType = wrapper.cfbundle; includeInIndex = 0; path = SelfigramTests.xctest; sourceTree = BUILT_PRODUCTS_DIR; };
		0765285A1E9C82710082A4B8 /* SelfigramTests.swift */ = {isa = PBXFileReference; lastKnownFileType = sourcecode.swift; path = SelfigramTests.swift; sourceTree = "<group>"; };
		0765285C1E9C82710082A4B8 /* Info.plist */ = {isa = PBXFileReference; lastKnownFileType = text.plist.xml; path = Info.plist; sourceTree = "<group>"; };
		076528611E9C82710082A4B8 /* SelfigramUITests.xctest */ = {isa = PBXFileReference; explicitFileType = wrapper.cfbundle; includeInIndex = 0; path = SelfigramUITests.xctest; sourceTree = BUILT_PRODUCTS_DIR; };
		076528651E9C82710082A4B8 /* SelfigramUITests.swift */ = {isa = PBXFileReference; lastKnownFileType = sourcecode.swift; path = SelfigramUITests.swift; sourceTree = "<group>"; };
		076528671E9C82710082A4B8 /* Info.plist */ = {isa = PBXFileReference; lastKnownFileType = text.plist.xml; path = Info.plist; sourceTree = "<group>"; };
		076528731E9F2BC80082A4B8 /* ProfileViewController.swift */ = {isa = PBXFileReference; fileEncoding = 4; lastKnownFileType = sourcecode.swift; name = ProfileViewController.swift; path = ../ProfileViewController.swift; sourceTree = "<group>"; };
		076528751EA85E350082A4B8 /* User.swift */ = {isa = PBXFileReference; fileEncoding = 4; lastKnownFileType = sourcecode.swift; path = User.swift; sourceTree = "<group>"; };
		076528771EA8628A0082A4B8 /* Post.swift */ = {isa = PBXFileReference; fileEncoding = 4; lastKnownFileType = sourcecode.swift; path = Post.swift; sourceTree = "<group>"; };
		0793CD911ECA91C80069945F /* ActivityCell.swift */ = {isa = PBXFileReference; fileEncoding = 4; lastKnownFileType = sourcecode.swift; path = ActivityCell.swift; sourceTree = "<group>"; };
		0793CD931ECA94FB0069945F /* ActivityViewController.swift */ = {isa = PBXFileReference; fileEncoding = 4; lastKnownFileType = sourcecode.swift; path = ActivityViewController.swift; sourceTree = "<group>"; };
		07DE36E41EAEF2E9003CFEAB /* FeedTableViewController.swift */ = {isa = PBXFileReference; fileEncoding = 4; lastKnownFileType = sourcecode.swift; path = FeedTableViewController.swift; sourceTree = "<group>"; };
		07DE36E61EB18D06003CFEAB /* SelfieCell.swift */ = {isa = PBXFileReference; fileEncoding = 4; lastKnownFileType = sourcecode.swift; path = SelfieCell.swift; sourceTree = "<group>"; };
		07FE92BE1EC40FE30051E7E6 /* Activity.swift */ = {isa = PBXFileReference; fileEncoding = 4; lastKnownFileType = sourcecode.swift; path = Activity.swift; sourceTree = "<group>"; };
		25B824D0CA0B47BBB8D0C815 /* Pods_Selfigram.framework */ = {isa = PBXFileReference; explicitFileType = wrapper.framework; includeInIndex = 0; path = Pods_Selfigram.framework; sourceTree = BUILT_PRODUCTS_DIR; };
		877065F1C8FDC4B91C598B95 /* Pods_SelfigramUITests.framework */ = {isa = PBXFileReference; explicitFileType = wrapper.framework; includeInIndex = 0; path = Pods_SelfigramUITests.framework; sourceTree = BUILT_PRODUCTS_DIR; };
		9606D99E88898C38EB02F6DF /* Pods-SelfigramUITests.release.xcconfig */ = {isa = PBXFileReference; includeInIndex = 1; lastKnownFileType = text.xcconfig; name = "Pods-SelfigramUITests.release.xcconfig"; path = "Pods/Target Support Files/Pods-SelfigramUITests/Pods-SelfigramUITests.release.xcconfig"; sourceTree = "<group>"; };
		AC083B10BA0A5A9E99CEEF4B /* Pods-Selfigram.release.xcconfig */ = {isa = PBXFileReference; includeInIndex = 1; lastKnownFileType = text.xcconfig; name = "Pods-Selfigram.release.xcconfig"; path = "Pods/Target Support Files/Pods-Selfigram/Pods-Selfigram.release.xcconfig"; sourceTree = "<group>"; };
		CBA9DFE4D146B67AA9B4D715 /* Pods-SelfigramTests.release.xcconfig */ = {isa = PBXFileReference; includeInIndex = 1; lastKnownFileType = text.xcconfig; name = "Pods-SelfigramTests.release.xcconfig"; path = "Pods/Target Support Files/Pods-SelfigramTests/Pods-SelfigramTests.release.xcconfig"; sourceTree = "<group>"; };
		D330C6BF1C693C1849E7354D /* Pods-SelfigramTests.debug.xcconfig */ = {isa = PBXFileReference; includeInIndex = 1; lastKnownFileType = text.xcconfig; name = "Pods-SelfigramTests.debug.xcconfig"; path = "Pods/Target Support Files/Pods-SelfigramTests/Pods-SelfigramTests.debug.xcconfig"; sourceTree = "<group>"; };
		F442DD4F4004F0D84264A15E /* Pods_SelfigramTests.framework */ = {isa = PBXFileReference; explicitFileType = wrapper.framework; includeInIndex = 0; path = Pods_SelfigramTests.framework; sourceTree = BUILT_PRODUCTS_DIR; };
		F7A93808D3F9BD30E4B25CA2 /* Pods-Selfigram.debug.xcconfig */ = {isa = PBXFileReference; includeInIndex = 1; lastKnownFileType = text.xcconfig; name = "Pods-Selfigram.debug.xcconfig"; path = "Pods/Target Support Files/Pods-Selfigram/Pods-Selfigram.debug.xcconfig"; sourceTree = "<group>"; };
		FDD2733EE97D7CD2E523BAAB /* Pods-SelfigramUITests.debug.xcconfig */ = {isa = PBXFileReference; includeInIndex = 1; lastKnownFileType = text.xcconfig; name = "Pods-SelfigramUITests.debug.xcconfig"; path = "Pods/Target Support Files/Pods-SelfigramUITests/Pods-SelfigramUITests.debug.xcconfig"; sourceTree = "<group>"; };
/* End PBXFileReference section */

/* Begin PBXFrameworksBuildPhase section */
		0765283F1E9C82710082A4B8 /* Frameworks */ = {
			isa = PBXFrameworksBuildPhase;
			buildActionMask = 2147483647;
			files = (
				D719D83185DD60A62B2B8E8B /* Pods_Selfigram.framework in Frameworks */,
			);
			runOnlyForDeploymentPostprocessing = 0;
		};
		076528531E9C82710082A4B8 /* Frameworks */ = {
			isa = PBXFrameworksBuildPhase;
			buildActionMask = 2147483647;
			files = (
				4F977F7CED54FC8F113008A5 /* Pods_SelfigramTests.framework in Frameworks */,
			);
			runOnlyForDeploymentPostprocessing = 0;
		};
		0765285E1E9C82710082A4B8 /* Frameworks */ = {
			isa = PBXFrameworksBuildPhase;
			buildActionMask = 2147483647;
			files = (
				490EED7D159CB276C6FEDD9E /* Pods_SelfigramUITests.framework in Frameworks */,
			);
			runOnlyForDeploymentPostprocessing = 0;
		};
/* End PBXFrameworksBuildPhase section */

/* Begin PBXGroup section */
		076528391E9C82710082A4B8 = {
			isa = PBXGroup;
			children = (
				076528441E9C82710082A4B8 /* Selfigram */,
				076528591E9C82710082A4B8 /* SelfigramTests */,
				076528641E9C82710082A4B8 /* SelfigramUITests */,
				076528431E9C82710082A4B8 /* Products */,
				B1EEE0C5E8694438B5BA15C1 /* Pods */,
				3602CACBFF3DACF24C60D4FC /* Frameworks */,
			);
			sourceTree = "<group>";
		};
		076528431E9C82710082A4B8 /* Products */ = {
			isa = PBXGroup;
			children = (
				076528421E9C82710082A4B8 /* Selfigram.app */,
				076528561E9C82710082A4B8 /* SelfigramTests.xctest */,
				076528611E9C82710082A4B8 /* SelfigramUITests.xctest */,
			);
			name = Products;
			sourceTree = "<group>";
		};
		076528441E9C82710082A4B8 /* Selfigram */ = {
			isa = PBXGroup;
			children = (
				076528451E9C82710082A4B8 /* AppDelegate.swift */,
				076528471E9C82710082A4B8 /* ViewController.swift */,
				0765284C1E9C82710082A4B8 /* Assets.xcassets */,
				0765284E1E9C82710082A4B8 /* LaunchScreen.storyboard */,
				076528511E9C82710082A4B8 /* Info.plist */,
				076528491E9C82710082A4B8 /* Main.storyboard */,
				07FE92BE1EC40FE30051E7E6 /* Activity.swift */,
				07DE36E61EB18D06003CFEAB /* SelfieCell.swift */,
				07DE36E41EAEF2E9003CFEAB /* FeedTableViewController.swift */,
				0793CD931ECA94FB0069945F /* ActivityViewController.swift */,
				0793CD911ECA91C80069945F /* ActivityCell.swift */,
				076528751EA85E350082A4B8 /* User.swift */,
				076528771EA8628A0082A4B8 /* Post.swift */,
				076528731E9F2BC80082A4B8 /* ProfileViewController.swift */,
			);
			path = Selfigram;
			sourceTree = "<group>";
		};
		076528591E9C82710082A4B8 /* SelfigramTests */ = {
			isa = PBXGroup;
			children = (
				0765285A1E9C82710082A4B8 /* SelfigramTests.swift */,
				0765285C1E9C82710082A4B8 /* Info.plist */,
			);
			path = SelfigramTests;
			sourceTree = "<group>";
		};
		076528641E9C82710082A4B8 /* SelfigramUITests */ = {
			isa = PBXGroup;
			children = (
				076528651E9C82710082A4B8 /* SelfigramUITests.swift */,
				076528671E9C82710082A4B8 /* Info.plist */,
			);
			path = SelfigramUITests;
			sourceTree = "<group>";
		};
		3602CACBFF3DACF24C60D4FC /* Frameworks */ = {
			isa = PBXGroup;
			children = (
				25B824D0CA0B47BBB8D0C815 /* Pods_Selfigram.framework */,
				F442DD4F4004F0D84264A15E /* Pods_SelfigramTests.framework */,
				877065F1C8FDC4B91C598B95 /* Pods_SelfigramUITests.framework */,
			);
			name = Frameworks;
			sourceTree = "<group>";
		};
		B1EEE0C5E8694438B5BA15C1 /* Pods */ = {
			isa = PBXGroup;
			children = (
				F7A93808D3F9BD30E4B25CA2 /* Pods-Selfigram.debug.xcconfig */,
				AC083B10BA0A5A9E99CEEF4B /* Pods-Selfigram.release.xcconfig */,
				D330C6BF1C693C1849E7354D /* Pods-SelfigramTests.debug.xcconfig */,
				CBA9DFE4D146B67AA9B4D715 /* Pods-SelfigramTests.release.xcconfig */,
				FDD2733EE97D7CD2E523BAAB /* Pods-SelfigramUITests.debug.xcconfig */,
				9606D99E88898C38EB02F6DF /* Pods-SelfigramUITests.release.xcconfig */,
			);
			name = Pods;
			sourceTree = "<group>";
		};
/* End PBXGroup section */

/* Begin PBXNativeTarget section */
		076528411E9C82710082A4B8 /* Selfigram */ = {
			isa = PBXNativeTarget;
			buildConfigurationList = 0765286A1E9C82710082A4B8 /* Build configuration list for PBXNativeTarget "Selfigram" */;
			buildPhases = (
				1A71241388CC45CBB4D4924C /* [CP] Check Pods Manifest.lock */,
				0765283E1E9C82710082A4B8 /* Sources */,
				0765283F1E9C82710082A4B8 /* Frameworks */,
				076528401E9C82710082A4B8 /* Resources */,
				BF47BC61D1A6C57BC5C599D7 /* [CP] Embed Pods Frameworks */,
				7CEC24026A09880582EB1F58 /* [CP] Copy Pods Resources */,
			);
			buildRules = (
			);
			dependencies = (
			);
			name = Selfigram;
			productName = Selfigram;
			productReference = 076528421E9C82710082A4B8 /* Selfigram.app */;
			productType = "com.apple.product-type.application";
		};
		076528551E9C82710082A4B8 /* SelfigramTests */ = {
			isa = PBXNativeTarget;
			buildConfigurationList = 0765286D1E9C82710082A4B8 /* Build configuration list for PBXNativeTarget "SelfigramTests" */;
			buildPhases = (
				16AF94A3FADEBD2F72354085 /* [CP] Check Pods Manifest.lock */,
				076528521E9C82710082A4B8 /* Sources */,
				076528531E9C82710082A4B8 /* Frameworks */,
				076528541E9C82710082A4B8 /* Resources */,
				B3559FBC2672508E6B615387 /* [CP] Embed Pods Frameworks */,
				C8B2EC810758F60FAF0A1CEE /* [CP] Copy Pods Resources */,
			);
			buildRules = (
			);
			dependencies = (
				076528581E9C82710082A4B8 /* PBXTargetDependency */,
			);
			name = SelfigramTests;
			productName = SelfigramTests;
			productReference = 076528561E9C82710082A4B8 /* SelfigramTests.xctest */;
			productType = "com.apple.product-type.bundle.unit-test";
		};
		076528601E9C82710082A4B8 /* SelfigramUITests */ = {
			isa = PBXNativeTarget;
			buildConfigurationList = 076528701E9C82710082A4B8 /* Build configuration list for PBXNativeTarget "SelfigramUITests" */;
			buildPhases = (
				26149D611007D74B539EE899 /* [CP] Check Pods Manifest.lock */,
				0765285D1E9C82710082A4B8 /* Sources */,
				0765285E1E9C82710082A4B8 /* Frameworks */,
				0765285F1E9C82710082A4B8 /* Resources */,
				E19A4A12AB9CD5CDAFB76253 /* [CP] Embed Pods Frameworks */,
				74A60E283F6A8CBC2A597313 /* [CP] Copy Pods Resources */,
			);
			buildRules = (
			);
			dependencies = (
				076528631E9C82710082A4B8 /* PBXTargetDependency */,
			);
			name = SelfigramUITests;
			productName = SelfigramUITests;
			productReference = 076528611E9C82710082A4B8 /* SelfigramUITests.xctest */;
			productType = "com.apple.product-type.bundle.ui-testing";
		};
/* End PBXNativeTarget section */

/* Begin PBXProject section */
		0765283A1E9C82710082A4B8 /* Project object */ = {
			isa = PBXProject;
			attributes = {
				LastSwiftUpdateCheck = 0830;
				LastUpgradeCheck = 0830;
				ORGANIZATIONNAME = lighthouselabs;
				TargetAttributes = {
					076528411E9C82710082A4B8 = {
						CreatedOnToolsVersion = 8.3.1;
						DevelopmentTeam = 66E9ENS5AD;
						ProvisioningStyle = Automatic;
					};
					076528551E9C82710082A4B8 = {
						CreatedOnToolsVersion = 8.3.1;
						ProvisioningStyle = Automatic;
						TestTargetID = 076528411E9C82710082A4B8;
					};
					076528601E9C82710082A4B8 = {
						CreatedOnToolsVersion = 8.3.1;
						ProvisioningStyle = Automatic;
						TestTargetID = 076528411E9C82710082A4B8;
					};
				};
			};
			buildConfigurationList = 0765283D1E9C82710082A4B8 /* Build configuration list for PBXProject "Selfigram" */;
			compatibilityVersion = "Xcode 3.2";
			developmentRegion = English;
			hasScannedForEncodings = 0;
			knownRegions = (
				en,
				Base,
			);
			mainGroup = 076528391E9C82710082A4B8;
			productRefGroup = 076528431E9C82710082A4B8 /* Products */;
			projectDirPath = "";
			projectRoot = "";
			targets = (
				076528411E9C82710082A4B8 /* Selfigram */,
				076528551E9C82710082A4B8 /* SelfigramTests */,
				076528601E9C82710082A4B8 /* SelfigramUITests */,
			);
		};
/* End PBXProject section */

/* Begin PBXResourcesBuildPhase section */
		076528401E9C82710082A4B8 /* Resources */ = {
			isa = PBXResourcesBuildPhase;
			buildActionMask = 2147483647;
			files = (
				076528501E9C82710082A4B8 /* LaunchScreen.storyboard in Resources */,
				0765284D1E9C82710082A4B8 /* Assets.xcassets in Resources */,
				0765284B1E9C82710082A4B8 /* Main.storyboard in Resources */,
			);
			runOnlyForDeploymentPostprocessing = 0;
		};
		076528541E9C82710082A4B8 /* Resources */ = {
			isa = PBXResourcesBuildPhase;
			buildActionMask = 2147483647;
			files = (
			);
			runOnlyForDeploymentPostprocessing = 0;
		};
		0765285F1E9C82710082A4B8 /* Resources */ = {
			isa = PBXResourcesBuildPhase;
			buildActionMask = 2147483647;
			files = (
			);
			runOnlyForDeploymentPostprocessing = 0;
		};
/* End PBXResourcesBuildPhase section */

/* Begin PBXShellScriptBuildPhase section */
		16AF94A3FADEBD2F72354085 /* [CP] Check Pods Manifest.lock */ = {
			isa = PBXShellScriptBuildPhase;
			buildActionMask = 2147483647;
			files = (
			);
			inputPaths = (
			);
			name = "[CP] Check Pods Manifest.lock";
			outputPaths = (
			);
			runOnlyForDeploymentPostprocessing = 0;
			shellPath = /bin/sh;
			shellScript = "diff \"${PODS_ROOT}/../Podfile.lock\" \"${PODS_ROOT}/Manifest.lock\" > /dev/null\nif [ $? != 0 ] ; then\n    # print error to STDERR\n    echo \"error: The sandbox is not in sync with the Podfile.lock. Run 'pod install' or update your CocoaPods installation.\" >&2\n    exit 1\nfi\n";
			showEnvVarsInLog = 0;
		};
		1A71241388CC45CBB4D4924C /* [CP] Check Pods Manifest.lock */ = {
			isa = PBXShellScriptBuildPhase;
			buildActionMask = 2147483647;
			files = (
			);
			inputPaths = (
			);
			name = "[CP] Check Pods Manifest.lock";
			outputPaths = (
			);
			runOnlyForDeploymentPostprocessing = 0;
			shellPath = /bin/sh;
			shellScript = "diff \"${PODS_ROOT}/../Podfile.lock\" \"${PODS_ROOT}/Manifest.lock\" > /dev/null\nif [ $? != 0 ] ; then\n    # print error to STDERR\n    echo \"error: The sandbox is not in sync with the Podfile.lock. Run 'pod install' or update your CocoaPods installation.\" >&2\n    exit 1\nfi\n";
			showEnvVarsInLog = 0;
		};
		26149D611007D74B539EE899 /* [CP] Check Pods Manifest.lock */ = {
			isa = PBXShellScriptBuildPhase;
			buildActionMask = 2147483647;
			files = (
			);
			inputPaths = (
			);
			name = "[CP] Check Pods Manifest.lock";
			outputPaths = (
			);
			runOnlyForDeploymentPostprocessing = 0;
			shellPath = /bin/sh;
			shellScript = "diff \"${PODS_ROOT}/../Podfile.lock\" \"${PODS_ROOT}/Manifest.lock\" > /dev/null\nif [ $? != 0 ] ; then\n    # print error to STDERR\n    echo \"error: The sandbox is not in sync with the Podfile.lock. Run 'pod install' or update your CocoaPods installation.\" >&2\n    exit 1\nfi\n";
			showEnvVarsInLog = 0;
		};
		74A60E283F6A8CBC2A597313 /* [CP] Copy Pods Resources */ = {
			isa = PBXShellScriptBuildPhase;
			buildActionMask = 2147483647;
			files = (
			);
			inputPaths = (
			);
			name = "[CP] Copy Pods Resources";
			outputPaths = (
			);
			runOnlyForDeploymentPostprocessing = 0;
			shellPath = /bin/sh;
			shellScript = "\"${SRCROOT}/Pods/Target Support Files/Pods-SelfigramUITests/Pods-SelfigramUITests-resources.sh\"\n";
			showEnvVarsInLog = 0;
		};
		7CEC24026A09880582EB1F58 /* [CP] Copy Pods Resources */ = {
			isa = PBXShellScriptBuildPhase;
			buildActionMask = 2147483647;
			files = (
			);
			inputPaths = (
			);
			name = "[CP] Copy Pods Resources";
			outputPaths = (
			);
			runOnlyForDeploymentPostprocessing = 0;
			shellPath = /bin/sh;
			shellScript = "\"${SRCROOT}/Pods/Target Support Files/Pods-Selfigram/Pods-Selfigram-resources.sh\"\n";
			showEnvVarsInLog = 0;
		};
		B3559FBC2672508E6B615387 /* [CP] Embed Pods Frameworks */ = {
			isa = PBXShellScriptBuildPhase;
			buildActionMask = 2147483647;
			files = (
			);
			inputPaths = (
			);
			name = "[CP] Embed Pods Frameworks";
			outputPaths = (
			);
			runOnlyForDeploymentPostprocessing = 0;
			shellPath = /bin/sh;
			shellScript = "\"${SRCROOT}/Pods/Target Support Files/Pods-SelfigramTests/Pods-SelfigramTests-frameworks.sh\"\n";
			showEnvVarsInLog = 0;
		};
		BF47BC61D1A6C57BC5C599D7 /* [CP] Embed Pods Frameworks */ = {
			isa = PBXShellScriptBuildPhase;
			buildActionMask = 2147483647;
			files = (
			);
			inputPaths = (
			);
			name = "[CP] Embed Pods Frameworks";
			outputPaths = (
			);
			runOnlyForDeploymentPostprocessing = 0;
			shellPath = /bin/sh;
			shellScript = "\"${SRCROOT}/Pods/Target Support Files/Pods-Selfigram/Pods-Selfigram-frameworks.sh\"\n";
			showEnvVarsInLog = 0;
		};
		C8B2EC810758F60FAF0A1CEE /* [CP] Copy Pods Resources */ = {
			isa = PBXShellScriptBuildPhase;
			buildActionMask = 2147483647;
			files = (
			);
			inputPaths = (
			);
			name = "[CP] Copy Pods Resources";
			outputPaths = (
			);
			runOnlyForDeploymentPostprocessing = 0;
			shellPath = /bin/sh;
			shellScript = "\"${SRCROOT}/Pods/Target Support Files/Pods-SelfigramTests/Pods-SelfigramTests-resources.sh\"\n";
			showEnvVarsInLog = 0;
		};
		E19A4A12AB9CD5CDAFB76253 /* [CP] Embed Pods Frameworks */ = {
			isa = PBXShellScriptBuildPhase;
			buildActionMask = 2147483647;
			files = (
			);
			inputPaths = (
			);
			name = "[CP] Embed Pods Frameworks";
			outputPaths = (
			);
			runOnlyForDeploymentPostprocessing = 0;
			shellPath = /bin/sh;
			shellScript = "\"${SRCROOT}/Pods/Target Support Files/Pods-SelfigramUITests/Pods-SelfigramUITests-frameworks.sh\"\n";
			showEnvVarsInLog = 0;
		};
/* End PBXShellScriptBuildPhase section */

/* Begin PBXSourcesBuildPhase section */
		0765283E1E9C82710082A4B8 /* Sources */ = {
			isa = PBXSourcesBuildPhase;
			buildActionMask = 2147483647;
			files = (
				076528761EA85E350082A4B8 /* User.swift in Sources */,
				076528741E9F2BC80082A4B8 /* ProfileViewController.swift in Sources */,
				0793CD921ECA91C80069945F /* ActivityCell.swift in Sources */,
				0793CD941ECA94FB0069945F /* ActivityViewController.swift in Sources */,
				07DE36E71EB18D06003CFEAB /* SelfieCell.swift in Sources */,
				076528481E9C82710082A4B8 /* ViewController.swift in Sources */,
				076528461E9C82710082A4B8 /* AppDelegate.swift in Sources */,
				07DE36E51EAEF2E9003CFEAB /* FeedTableViewController.swift in Sources */,
				07FE92BF1EC40FE30051E7E6 /* Activity.swift in Sources */,
				076528781EA8628A0082A4B8 /* Post.swift in Sources */,
			);
			runOnlyForDeploymentPostprocessing = 0;
		};
		076528521E9C82710082A4B8 /* Sources */ = {
			isa = PBXSourcesBuildPhase;
			buildActionMask = 2147483647;
			files = (
				0765285B1E9C82710082A4B8 /* SelfigramTests.swift in Sources */,
			);
			runOnlyForDeploymentPostprocessing = 0;
		};
		0765285D1E9C82710082A4B8 /* Sources */ = {
			isa = PBXSourcesBuildPhase;
			buildActionMask = 2147483647;
			files = (
				076528661E9C82710082A4B8 /* SelfigramUITests.swift in Sources */,
			);
			runOnlyForDeploymentPostprocessing = 0;
		};
/* End PBXSourcesBuildPhase section */

/* Begin PBXTargetDependency section */
		076528581E9C82710082A4B8 /* PBXTargetDependency */ = {
			isa = PBXTargetDependency;
			target = 076528411E9C82710082A4B8 /* Selfigram */;
			targetProxy = 076528571E9C82710082A4B8 /* PBXContainerItemProxy */;
		};
		076528631E9C82710082A4B8 /* PBXTargetDependency */ = {
			isa = PBXTargetDependency;
			target = 076528411E9C82710082A4B8 /* Selfigram */;
			targetProxy = 076528621E9C82710082A4B8 /* PBXContainerItemProxy */;
		};
/* End PBXTargetDependency section */

/* Begin PBXVariantGroup section */
		076528491E9C82710082A4B8 /* Main.storyboard */ = {
			isa = PBXVariantGroup;
			children = (
				0765284A1E9C82710082A4B8 /* Base */,
			);
			name = Main.storyboard;
			sourceTree = "<group>";
		};
		0765284E1E9C82710082A4B8 /* LaunchScreen.storyboard */ = {
			isa = PBXVariantGroup;
			children = (
				0765284F1E9C82710082A4B8 /* Base */,
			);
			name = LaunchScreen.storyboard;
			sourceTree = "<group>";
		};
/* End PBXVariantGroup section */

/* Begin XCBuildConfiguration section */
		076528681E9C82710082A4B8 /* Debug */ = {
			isa = XCBuildConfiguration;
			buildSettings = {
				ALWAYS_SEARCH_USER_PATHS = NO;
				CLANG_ANALYZER_NONNULL = YES;
				CLANG_ANALYZER_NUMBER_OBJECT_CONVERSION = YES_AGGRESSIVE;
				CLANG_CXX_LANGUAGE_STANDARD = "gnu++0x";
				CLANG_CXX_LIBRARY = "libc++";
				CLANG_ENABLE_MODULES = YES;
				CLANG_ENABLE_OBJC_ARC = YES;
				CLANG_WARN_BOOL_CONVERSION = YES;
				CLANG_WARN_CONSTANT_CONVERSION = YES;
				CLANG_WARN_DIRECT_OBJC_ISA_USAGE = YES_ERROR;
				CLANG_WARN_DOCUMENTATION_COMMENTS = YES;
				CLANG_WARN_EMPTY_BODY = YES;
				CLANG_WARN_ENUM_CONVERSION = YES;
				CLANG_WARN_INFINITE_RECURSION = YES;
				CLANG_WARN_INT_CONVERSION = YES;
				CLANG_WARN_OBJC_ROOT_CLASS = YES_ERROR;
				CLANG_WARN_SUSPICIOUS_MOVE = YES;
				CLANG_WARN_UNREACHABLE_CODE = YES;
				CLANG_WARN__DUPLICATE_METHOD_MATCH = YES;
				"CODE_SIGN_IDENTITY[sdk=iphoneos*]" = "iPhone Developer";
				COPY_PHASE_STRIP = NO;
				DEBUG_INFORMATION_FORMAT = dwarf;
				ENABLE_STRICT_OBJC_MSGSEND = YES;
				ENABLE_TESTABILITY = YES;
				GCC_C_LANGUAGE_STANDARD = gnu99;
				GCC_DYNAMIC_NO_PIC = NO;
				GCC_NO_COMMON_BLOCKS = YES;
				GCC_OPTIMIZATION_LEVEL = 0;
				GCC_PREPROCESSOR_DEFINITIONS = (
					"DEBUG=1",
					"$(inherited)",
				);
				GCC_WARN_64_TO_32_BIT_CONVERSION = YES;
				GCC_WARN_ABOUT_RETURN_TYPE = YES_ERROR;
				GCC_WARN_UNDECLARED_SELECTOR = YES;
				GCC_WARN_UNINITIALIZED_AUTOS = YES_AGGRESSIVE;
				GCC_WARN_UNUSED_FUNCTION = YES;
				GCC_WARN_UNUSED_VARIABLE = YES;
				IPHONEOS_DEPLOYMENT_TARGET = 10.3;
				MTL_ENABLE_DEBUG_INFO = YES;
				ONLY_ACTIVE_ARCH = YES;
				SDKROOT = iphoneos;
				SWIFT_ACTIVE_COMPILATION_CONDITIONS = DEBUG;
				SWIFT_OPTIMIZATION_LEVEL = "-Onone";
			};
			name = Debug;
		};
		076528691E9C82710082A4B8 /* Release */ = {
			isa = XCBuildConfiguration;
			buildSettings = {
				ALWAYS_SEARCH_USER_PATHS = NO;
				CLANG_ANALYZER_NONNULL = YES;
				CLANG_ANALYZER_NUMBER_OBJECT_CONVERSION = YES_AGGRESSIVE;
				CLANG_CXX_LANGUAGE_STANDARD = "gnu++0x";
				CLANG_CXX_LIBRARY = "libc++";
				CLANG_ENABLE_MODULES = YES;
				CLANG_ENABLE_OBJC_ARC = YES;
				CLANG_WARN_BOOL_CONVERSION = YES;
				CLANG_WARN_CONSTANT_CONVERSION = YES;
				CLANG_WARN_DIRECT_OBJC_ISA_USAGE = YES_ERROR;
				CLANG_WARN_DOCUMENTATION_COMMENTS = YES;
				CLANG_WARN_EMPTY_BODY = YES;
				CLANG_WARN_ENUM_CONVERSION = YES;
				CLANG_WARN_INFINITE_RECURSION = YES;
				CLANG_WARN_INT_CONVERSION = YES;
				CLANG_WARN_OBJC_ROOT_CLASS = YES_ERROR;
				CLANG_WARN_SUSPICIOUS_MOVE = YES;
				CLANG_WARN_UNREACHABLE_CODE = YES;
				CLANG_WARN__DUPLICATE_METHOD_MATCH = YES;
				"CODE_SIGN_IDENTITY[sdk=iphoneos*]" = "iPhone Developer";
				COPY_PHASE_STRIP = NO;
				DEBUG_INFORMATION_FORMAT = "dwarf-with-dsym";
				ENABLE_NS_ASSERTIONS = NO;
				ENABLE_STRICT_OBJC_MSGSEND = YES;
				GCC_C_LANGUAGE_STANDARD = gnu99;
				GCC_NO_COMMON_BLOCKS = YES;
				GCC_WARN_64_TO_32_BIT_CONVERSION = YES;
				GCC_WARN_ABOUT_RETURN_TYPE = YES_ERROR;
				GCC_WARN_UNDECLARED_SELECTOR = YES;
				GCC_WARN_UNINITIALIZED_AUTOS = YES_AGGRESSIVE;
				GCC_WARN_UNUSED_FUNCTION = YES;
				GCC_WARN_UNUSED_VARIABLE = YES;
				IPHONEOS_DEPLOYMENT_TARGET = 10.3;
				MTL_ENABLE_DEBUG_INFO = NO;
				SDKROOT = iphoneos;
				SWIFT_OPTIMIZATION_LEVEL = "-Owholemodule";
				VALIDATE_PRODUCT = YES;
			};
			name = Release;
		};
		0765286B1E9C82710082A4B8 /* Debug */ = {
			isa = XCBuildConfiguration;
			baseConfigurationReference = F7A93808D3F9BD30E4B25CA2 /* Pods-Selfigram.debug.xcconfig */;
			buildSettings = {
				ASSETCATALOG_COMPILER_APPICON_NAME = "AppIcon-1";
				DEVELOPMENT_TEAM = 66E9ENS5AD;
				INFOPLIST_FILE = Selfigram/Info.plist;
				LD_RUNPATH_SEARCH_PATHS = "$(inherited) @executable_path/Frameworks";
				PRODUCT_BUNDLE_IDENTIFIER = aleclighthouselabs.Selfigram;
				PRODUCT_NAME = "$(TARGET_NAME)";
				SWIFT_VERSION = 3.0;
			};
			name = Debug;
		};
		0765286C1E9C82710082A4B8 /* Release */ = {
			isa = XCBuildConfiguration;
			baseConfigurationReference = AC083B10BA0A5A9E99CEEF4B /* Pods-Selfigram.release.xcconfig */;
			buildSettings = {
				ASSETCATALOG_COMPILER_APPICON_NAME = "AppIcon-1";
				DEVELOPMENT_TEAM = 66E9ENS5AD;
				INFOPLIST_FILE = Selfigram/Info.plist;
				LD_RUNPATH_SEARCH_PATHS = "$(inherited) @executable_path/Frameworks";
				PRODUCT_BUNDLE_IDENTIFIER = aleclighthouselabs.Selfigram;
				PRODUCT_NAME = "$(TARGET_NAME)";
				SWIFT_VERSION = 3.0;
			};
			name = Release;
		};
		0765286E1E9C82710082A4B8 /* Debug */ = {
			isa = XCBuildConfiguration;
			baseConfigurationReference = D330C6BF1C693C1849E7354D /* Pods-SelfigramTests.debug.xcconfig */;
			buildSettings = {
				ALWAYS_EMBED_SWIFT_STANDARD_LIBRARIES = YES;
				BUNDLE_LOADER = "$(TEST_HOST)";
				INFOPLIST_FILE = SelfigramTests/Info.plist;
				LD_RUNPATH_SEARCH_PATHS = "$(inherited) @executable_path/Frameworks @loader_path/Frameworks";
				PRODUCT_BUNDLE_IDENTIFIER = lighthouselabs.SelfigramTests;
				PRODUCT_NAME = "$(TARGET_NAME)";
				SWIFT_VERSION = 3.0;
				TEST_HOST = "$(BUILT_PRODUCTS_DIR)/Selfigram.app/Selfigram";
			};
			name = Debug;
		};
		0765286F1E9C82710082A4B8 /* Release */ = {
			isa = XCBuildConfiguration;
			baseConfigurationReference = CBA9DFE4D146B67AA9B4D715 /* Pods-SelfigramTests.release.xcconfig */;
			buildSettings = {
				ALWAYS_EMBED_SWIFT_STANDARD_LIBRARIES = YES;
				BUNDLE_LOADER = "$(TEST_HOST)";
				INFOPLIST_FILE = SelfigramTests/Info.plist;
				LD_RUNPATH_SEARCH_PATHS = "$(inherited) @executable_path/Frameworks @loader_path/Frameworks";
				PRODUCT_BUNDLE_IDENTIFIER = lighthouselabs.SelfigramTests;
				PRODUCT_NAME = "$(TARGET_NAME)";
				SWIFT_VERSION = 3.0;
				TEST_HOST = "$(BUILT_PRODUCTS_DIR)/Selfigram.app/Selfigram";
			};
			name = Release;
		};
		076528711E9C82710082A4B8 /* Debug */ = {
			isa = XCBuildConfiguration;
			baseConfigurationReference = FDD2733EE97D7CD2E523BAAB /* Pods-SelfigramUITests.debug.xcconfig */;
			buildSettings = {
				ALWAYS_EMBED_SWIFT_STANDARD_LIBRARIES = YES;
				INFOPLIST_FILE = SelfigramUITests/Info.plist;
				LD_RUNPATH_SEARCH_PATHS = "$(inherited) @executable_path/Frameworks @loader_path/Frameworks";
				PRODUCT_BUNDLE_IDENTIFIER = lighthouselabs.SelfigramUITests;
				PRODUCT_NAME = "$(TARGET_NAME)";
				SWIFT_VERSION = 3.0;
				TEST_TARGET_NAME = Selfigram;
			};
			name = Debug;
		};
		076528721E9C82710082A4B8 /* Release */ = {
			isa = XCBuildConfiguration;
			baseConfigurationReference = 9606D99E88898C38EB02F6DF /* Pods-SelfigramUITests.release.xcconfig */;
			buildSettings = {
				ALWAYS_EMBED_SWIFT_STANDARD_LIBRARIES = YES;
				INFOPLIST_FILE = SelfigramUITests/Info.plist;
				LD_RUNPATH_SEARCH_PATHS = "$(inherited) @executable_path/Frameworks @loader_path/Frameworks";
				PRODUCT_BUNDLE_IDENTIFIER = lighthouselabs.SelfigramUITests;
				PRODUCT_NAME = "$(TARGET_NAME)";
				SWIFT_VERSION = 3.0;
				TEST_TARGET_NAME = Selfigram;
			};
			name = Release;
		};
/* End XCBuildConfiguration section */

/* Begin XCConfigurationList section */
		0765283D1E9C82710082A4B8 /* Build configuration list for PBXProject "Selfigram" */ = {
			isa = XCConfigurationList;
			buildConfigurations = (
				076528681E9C82710082A4B8 /* Debug */,
				076528691E9C82710082A4B8 /* Release */,
			);
			defaultConfigurationIsVisible = 0;
			defaultConfigurationName = Release;
		};
		0765286A1E9C82710082A4B8 /* Build configuration list for PBXNativeTarget "Selfigram" */ = {
			isa = XCConfigurationList;
			buildConfigurations = (
				0765286B1E9C82710082A4B8 /* Debug */,
				0765286C1E9C82710082A4B8 /* Release */,
			);
			defaultConfigurationIsVisible = 0;
			defaultConfigurationName = Release;
		};
		0765286D1E9C82710082A4B8 /* Build configuration list for PBXNativeTarget "SelfigramTests" */ = {
			isa = XCConfigurationList;
			buildConfigurations = (
				0765286E1E9C82710082A4B8 /* Debug */,
				0765286F1E9C82710082A4B8 /* Release */,
			);
			defaultConfigurationIsVisible = 0;
			defaultConfigurationName = Release;
		};
		076528701E9C82710082A4B8 /* Build configuration list for PBXNativeTarget "SelfigramUITests" */ = {
			isa = XCConfigurationList;
			buildConfigurations = (
				076528711E9C82710082A4B8 /* Debug */,
				076528721E9C82710082A4B8 /* Release */,
			);
			defaultConfigurationIsVisible = 0;
			defaultConfigurationName = Release;
		};
/* End XCConfigurationList section */
	};
	rootObject = 0765283A1E9C82710082A4B8 /* Project object */;
}
